
Microsoft Visual Studio Solution File, Format Version 12.00
# Visual Studio Version 17
VisualStudioVersion = 17.3.32804.467
MinimumVisualStudioVersion = 10.0.40219.1
Project("{9A19103F-16F7-4668-BE54-9A1E7A4F7556}") = "API_46731r", "API_46731r\API_46731r.csproj", "{7CF7BE1F-7993-48F4-9D44-39E56B49DFAC}"
EndProject
Project("{9A19103F-16F7-4668-BE54-9A1E7A4F7556}") = "API_46731r.Domain", "API_46731r.Domain\API_46731r.Domain.csproj", "{C8FAC099-1B33-4A2A-A80B-DA733A624B4C}"
EndProject
Project("{9A19103F-16F7-4668-BE54-9A1E7A4F7556}") = "API_46731r.Infrastructure", "API_46731r.Infrastructure\API_46731r.Infrastructure.csproj", "{FD0468ED-D47B-46D5-B37C-E3809D47D9C1}"
EndProject
Project("{9A19103F-16F7-4668-BE54-9A1E7A4F7556}") = "API_46731r.Services", "API_46731r.Services\API_46731r.Services.csproj", "{96404DFA-4C09-43CD-B4F2-FC27FF7B27B2}"
EndProject
Project("{2150E333-8FDC-42A3-9474-1A3956D46DE8}") = "Client", "Client", "{2743991C-770F-4338-833B-5E3A9C0E3953}"
EndProject
Project("{2150E333-8FDC-42A3-9474-1A3956D46DE8}") = "Server", "Server", "{0223682D-8BF9-455E-9D11-42BA97685636}"
EndProject
Project("{9A19103F-16F7-4668-BE54-9A1E7A4F7556}") = "WPF_46731r.Domain", "WPF_46731r.Domain\WPF_46731r.Domain.csproj", "{75BF9023-7C43-41B0-BD5F-83A92E8E759E}"
EndProject
Project("{9A19103F-16F7-4668-BE54-9A1E7A4F7556}") = "WPF_46731r", "WPF_46731r\WPF_46731r.csproj", "{00829EBC-AD18-436E-9E77-399C97E1DF7A}"
EndProject
Project("{FAE04EC0-301F-11D3-BF4B-00C04F79EFBC}") = "API_46731r.Contracts", "API_46731r.Contracts\API_46731r.Contracts.csproj", "{5D6F4FD7-B763-4BFA-975A-8E65099BB044}"
EndProject
Global
	GlobalSection(SolutionConfigurationPlatforms) = preSolution
		Debug|Any CPU = Debug|Any CPU
		Release|Any CPU = Release|Any CPU
	EndGlobalSection
	GlobalSection(ProjectConfigurationPlatforms) = postSolution
		{7CF7BE1F-7993-48F4-9D44-39E56B49DFAC}.Debug|Any CPU.ActiveCfg = Debug|Any CPU
		{7CF7BE1F-7993-48F4-9D44-39E56B49DFAC}.Debug|Any CPU.Build.0 = Debug|Any CPU
		{7CF7BE1F-7993-48F4-9D44-39E56B49DFAC}.Release|Any CPU.ActiveCfg = Release|Any CPU
		{7CF7BE1F-7993-48F4-9D44-39E56B49DFAC}.Release|Any CPU.Build.0 = Release|Any CPU
		{C8FAC099-1B33-4A2A-A80B-DA733A624B4C}.Debug|Any CPU.ActiveCfg = Debug|Any CPU
		{C8FAC099-1B33-4A2A-A80B-DA733A624B4C}.Debug|Any CPU.Build.0 = Debug|Any CPU
		{C8FAC099-1B33-4A2A-A80B-DA733A624B4C}.Release|Any CPU.ActiveCfg = Release|Any CPU
		{C8FAC099-1B33-4A2A-A80B-DA733A624B4C}.Release|Any CPU.Build.0 = Release|Any CPU
		{FD0468ED-D47B-46D5-B37C-E3809D47D9C1}.Debug|Any CPU.ActiveCfg = Debug|Any CPU
		{FD0468ED-D47B-46D5-B37C-E3809D47D9C1}.Debug|Any CPU.Build.0 = Debug|Any CPU
		{FD0468ED-D47B-46D5-B37C-E3809D47D9C1}.Release|Any CPU.ActiveCfg = Release|Any CPU
		{FD0468ED-D47B-46D5-B37C-E3809D47D9C1}.Release|Any CPU.Build.0 = Release|Any CPU
		{96404DFA-4C09-43CD-B4F2-FC27FF7B27B2}.Debug|Any CPU.ActiveCfg = Debug|Any CPU
		{96404DFA-4C09-43CD-B4F2-FC27FF7B27B2}.Debug|Any CPU.Build.0 = Debug|Any CPU
		{96404DFA-4C09-43CD-B4F2-FC27FF7B27B2}.Release|Any CPU.ActiveCfg = Release|Any CPU
		{96404DFA-4C09-43CD-B4F2-FC27FF7B27B2}.Release|Any CPU.Build.0 = Release|Any CPU
		{75BF9023-7C43-41B0-BD5F-83A92E8E759E}.Debug|Any CPU.ActiveCfg = Debug|Any CPU
		{75BF9023-7C43-41B0-BD5F-83A92E8E759E}.Debug|Any CPU.Build.0 = Debug|Any CPU
		{75BF9023-7C43-41B0-BD5F-83A92E8E759E}.Release|Any CPU.ActiveCfg = Release|Any CPU
		{75BF9023-7C43-41B0-BD5F-83A92E8E759E}.Release|Any CPU.Build.0 = Release|Any CPU
		{00829EBC-AD18-436E-9E77-399C97E1DF7A}.Debug|Any CPU.ActiveCfg = Debug|Any CPU
		{00829EBC-AD18-436E-9E77-399C97E1DF7A}.Debug|Any CPU.Build.0 = Debug|Any CPU
		{00829EBC-AD18-436E-9E77-399C97E1DF7A}.Release|Any CPU.ActiveCfg = Release|Any CPU
		{00829EBC-AD18-436E-9E77-399C97E1DF7A}.Release|Any CPU.Build.0 = Release|Any CPU
		{5D6F4FD7-B763-4BFA-975A-8E65099BB044}.Debug|Any CPU.ActiveCfg = Debug|Any CPU
		{5D6F4FD7-B763-4BFA-975A-8E65099BB044}.Debug|Any CPU.Build.0 = Debug|Any CPU
		{5D6F4FD7-B763-4BFA-975A-8E65099BB044}.Release|Any CPU.ActiveCfg = Release|Any CPU
		{5D6F4FD7-B763-4BFA-975A-8E65099BB044}.Release|Any CPU.Build.0 = Release|Any CPU
	EndGlobalSection
	GlobalSection(SolutionProperties) = preSolution
		HideSolutionNode = FALSE
	EndGlobalSection
	GlobalSection(NestedProjects) = preSolution
		{7CF7BE1F-7993-48F4-9D44-39E56B49DFAC} = {0223682D-8BF9-455E-9D11-42BA97685636}
		{C8FAC099-1B33-4A2A-A80B-DA733A624B4C} = {0223682D-8BF9-455E-9D11-42BA97685636}
		{FD0468ED-D47B-46D5-B37C-E3809D47D9C1} = {0223682D-8BF9-455E-9D11-42BA97685636}
		{96404DFA-4C09-43CD-B4F2-FC27FF7B27B2} = {0223682D-8BF9-455E-9D11-42BA97685636}
		{75BF9023-7C43-41B0-BD5F-83A92E8E759E} = {2743991C-770F-4338-833B-5E3A9C0E3953}
		{00829EBC-AD18-436E-9E77-399C97E1DF7A} = {2743991C-770F-4338-833B-5E3A9C0E3953}
		{5D6F4FD7-B763-4BFA-975A-8E65099BB044} = {0223682D-8BF9-455E-9D11-42BA97685636}
	EndGlobalSection
	GlobalSection(ExtensibilityGlobals) = postSolution
		SolutionGuid = {1112B6CD-1778-4822-961D-6A90781FAEC3}
	EndGlobalSection
EndGlobal
